PODS:
  - AFNetworking (1.3.3)
  - AFOAuth2Client (0.1.2):
    - AFNetworking (~> 1.3)
  - tuneup_js (0.0.1)

DEPENDENCIES:
  - AFOAuth2Client
  - tuneup_js

SPEC CHECKSUMS:
  AFNetworking: 61fdd49e2ffe6380378df37b3b6e70630bb9dd66
  AFOAuth2Client: 579d6f298b0047dfd5a6eec6ab5b28c01f6b4547
  tuneup_js: d01b25914f2e4ae2cbb7ec1d22790b2d88078474

COCOAPODS: 0.29.0
